Microsoft Visual Studio Solution File, Format Version 12.00
# Visual Studio Version 17
VisualStudioVersion = 17.8.0.0
MinimumVisualStudioVersion = 17.8.0.0
Project("{2150E333-8FDC-42A3-9474-1A3956D46DE8}") = "aspire", "aspire", "{74F3E2DF-2022-47D8-BA40-41453EE87C47}"
EndProject
Project("{FAE04EC0-301F-11D3-BF4B-00C04F79EFBC}") = "saas.AppHost", "aspire\saas.AppHost\saas.AppHost.csproj", "{4A6C3B3C-3784-49A1-A090-D583E3E44EF1}"
EndProject
Project("{FAE04EC0-301F-11D3-BF4B-00C04F79EFBC}") = "saas.ServiceDefaults", "aspire\saas.ServiceDefaults\saas.ServiceDefaults.csproj", "{C8EE11F3-79F6-453D-A559-E65294DF2CE1}"
EndProject
Project("{2150E333-8FDC-42A3-9474-1A3956D46DE8}") = "src", "src", "{C9F6240B-BA44-4ED8-9A45-604ACC9CA68F}"
EndProject
Project("{FAE04EC0-301F-11D3-BF4B-00C04F79EFBC}") = "Registration", "src\backends\registration\Registration\Registration.csproj", "{36F279CC-C57A-4418-A48E-32613F859C00}"
EndProject
Project("{2150E333-8FDC-42A3-9474-1A3956D46DE8}") = "backends", "backends", "{40F58FA2-43ED-4CEC-9D12-48CD1A3450D3}"
EndProject
Project("{2150E333-8FDC-42A3-9474-1A3956D46DE8}") = "registration", "registration", "{321520D2-3BCC-4DA4-B597-A82289E17189}"
EndProject
Project("{2150E333-8FDC-42A3-9474-1A3956D46DE8}") = "building_blocks", "building_blocks", "{4C27A25E-A173-4DD7-8796-7627BEE78B52}"
EndProject
Project("{2150E333-8FDC-42A3-9474-1A3956D46DE8}") = "application", "application", "{840180E6-A342-4CCE-B220-510D7C8E2CC7}"
EndProject
Project("{2150E333-8FDC-42A3-9474-1A3956D46DE8}") = "domain", "domain", "{0242C3F7-ACCD-40A6-A684-410517F68411}"
EndProject
Project("{2150E333-8FDC-42A3-9474-1A3956D46DE8}") = "infrastructure", "infrastructure", "{1A57CCA3-CCC8-4A76-8703-EFA0276938A8}"
EndProject
Project("{FAE04EC0-301F-11D3-BF4B-00C04F79EFBC}") = "BuildingBlocks.Application", "src\building_blocks\application\BuildingBlocks.Application\BuildingBlocks.Application.csproj", "{5E64DC03-8150-4D4C-AC41-4EC7D61A928F}"
EndProject
Project("{2150E333-8FDC-42A3-9474-1A3956D46DE8}") = "services", "services", "{FC78D263-6346-48F3-951C-1639DD82C0D4}"
EndProject
Project("{2150E333-8FDC-42A3-9474-1A3956D46DE8}") = "accounts", "accounts", "{8AD66AE9-19A1-45CC-91DE-5FDBF4A16C32}"
EndProject
Project("{FAE04EC0-301F-11D3-BF4B-00C04F79EFBC}") = "Accounts", "src\services\accounts\Accounts\Accounts.csproj", "{66FFB64C-B74E-4690-BD67-A2333CB50BBC}"
EndProject
Project("{FAE04EC0-301F-11D3-BF4B-00C04F79EFBC}") = "Accounts.FunctionalTests", "src\services\accounts\Accounts.FunctionalTests\Accounts.FunctionalTests.csproj", "{96E12682-68A9-427F-91DA-8E1728B51BF2}"
EndProject
Project("{FAE04EC0-301F-11D3-BF4B-00C04F79EFBC}") = "Accounts.Messages", "src\services\accounts\Accounts.Messages\Accounts.Messages.csproj", "{9004BF9E-5AB8-4AE6-8A5B-6397FD41065D}"
EndProject
Project("{FAE04EC0-301F-11D3-BF4B-00C04F79EFBC}") = "Accounts.UnitTests", "src\services\accounts\Accounts.UnitTests\Accounts.UnitTests.csproj", "{AF7A4B7B-FAA6-4698-9DB5-E4F42D6D537B}"
EndProject
Project("{FAE04EC0-301F-11D3-BF4B-00C04F79EFBC}") = "BuildingBlocks.Infrastructure", "src\building_blocks\infrastructure\BuildingBlocks.Infrastructure\BuildingBlocks.Infrastructure.csproj", "{B0B56D5B-0755-4EF1-B6D0-1B9A3B709347}"
EndProject
Project("{FAE04EC0-301F-11D3-BF4B-00C04F79EFBC}") = "BuildingBlocks.Domain.DDD", "src\building_blocks\domain\BuildingBlocks.Domain.DDD\BuildingBlocks.Domain.DDD.csproj", "{9F740259-089F-4068-BBA0-EBB07F857BF8}"
EndProject
Project("{2150E333-8FDC-42A3-9474-1A3956D46DE8}") = "carts", "carts", "{03408578-CBFC-4EAC-8432-C5EEE5F52B15}"
EndProject
Project("{FAE04EC0-301F-11D3-BF4B-00C04F79EFBC}") = "Carts", "src\services\carts\Carts\Carts.csproj", "{A63E651B-93C2-490F-B89C-B24CBFA9F5E5}"
EndProject
Project("{FAE04EC0-301F-11D3-BF4B-00C04F79EFBC}") = "Carts.FunctionalTests", "src\services\carts\Carts.FunctionalTests\Carts.FunctionalTests.csproj", "{5B023C73-9FC8-41C9-A1F8-641ACC5BCE3C}"
EndProject
Project("{FAE04EC0-301F-11D3-BF4B-00C04F79EFBC}") = "Carts.Messages", "src\services\carts\Carts.Messages\Carts.Messages.csproj", "{2628ABDF-9106-4525-913A-6BAC0646BEFD}"
EndProject
Project("{FAE04EC0-301F-11D3-BF4B-00C04F79EFBC}") = "Carts.UnitTests", "src\services\carts\Carts.UnitTests\Carts.UnitTests.csproj", "{74AA58ED-1651-48B8-B38C-5A4C4AC44DB9}"
EndProject
Project("{2150E333-8FDC-42A3-9474-1A3956D46DE8}") = "catalog", "catalog", "{7183121B-85B8-48DB-96AA-17A5952446CE}"
EndProject
Project("{2150E333-8FDC-42A3-9474-1A3956D46DE8}") = "media", "media", "{F006E449-D9E1-4DC5-9E3F-E5FCDD348782}"
EndProject
Project("{FAE04EC0-301F-11D3-BF4B-00C04F79EFBC}") = "Catalog", "src\services\catalog\Catalog\Catalog.csproj", "{0ED5D690-9D00-4554-BA31-ED3B85105926}"
EndProject
Project("{FAE04EC0-301F-11D3-BF4B-00C04F79EFBC}") = "Catalog.FunctionalTests", "src\services\catalog\Catalog.FunctionalTests\Catalog.FunctionalTests.csproj", "{ED13C2FB-BB01-4D85-ADA8-40178EA98DDD}"
EndProject
Project("{FAE04EC0-301F-11D3-BF4B-00C04F79EFBC}") = "Catalog.Messages", "src\services\catalog\Catalog.Messages\Catalog.Messages.csproj", "{8C02E3D3-C503-45EE-B4E6-E0DAB7599CD6}"
EndProject
Project("{FAE04EC0-301F-11D3-BF4B-00C04F79EFBC}") = "Catalog.UnitTests", "src\services\catalog\Catalog.UnitTests\Catalog.UnitTests.csproj", "{529F4EBA-A521-4531-80AD-5F321E67F672}"
EndProject
Project("{FAE04EC0-301F-11D3-BF4B-00C04F79EFBC}") = "Media", "src\services\media\Media\Media.csproj", "{6A88ACE4-C5CB-45A1-9B11-EEBC9298F1A0}"
EndProject
Project("{2150E333-8FDC-42A3-9474-1A3956D46DE8}") = "search", "search", "{9E86FD7C-E8E8-4D86-9883-4D675B64E398}"
EndProject
Project("{2150E333-8FDC-42A3-9474-1A3956D46DE8}") = "stores", "stores", "{BDAF82C7-2008-4BFC-B827-ADFCEB8BD8A0}"
EndProject
Project("{FAE04EC0-301F-11D3-BF4B-00C04F79EFBC}") = "Stores", "src\services\stores\Stores\Stores.csproj", "{4BA9905C-D1AD-4C4D-AB43-E1521EDEFF80}"
EndProject
Project("{FAE04EC0-301F-11D3-BF4B-00C04F79EFBC}") = "Stores.FunctionalTests", "src\services\stores\Stores.FunctionalTests\Stores.FunctionalTests.csproj", "{BF8A4CCD-8356-4990-94F1-B5D8EC36778F}"
EndProject
Project("{FAE04EC0-301F-11D3-BF4B-00C04F79EFBC}") = "Stores.Messages", "src\services\stores\Stores.Messages\Stores.Messages.csproj", "{8BBA6C14-0716-479B-BECB-78A3CFC2C6E3}"
EndProject
Project("{FAE04EC0-301F-11D3-BF4B-00C04F79EFBC}") = "Stores.UnitTests", "src\services\stores\Stores.UnitTests\Stores.UnitTests.csproj", "{B653F6DA-C183-4562-8B3E-43458C6E3BBB}"
EndProject
Project("{FAE04EC0-301F-11D3-BF4B-00C04F79EFBC}") = "Search", "src\services\search\Search\Search.csproj", "{5D08472C-66AD-4800-A5C8-2899F4B75248}"
EndProject
Project("{FAE04EC0-301F-11D3-BF4B-00C04F79EFBC}") = "Search.FunctionalTests", "src\services\search\Search.FunctionalTests\Search.FunctionalTests.csproj", "{D8B89C9A-E57F-49B1-A991-B9F7166C228A}"
EndProject
Project("{FAE04EC0-301F-11D3-BF4B-00C04F79EFBC}") = "Search.Messages", "src\services\search\Search.Messages\Search.Messages.csproj", "{A9347C4E-08C0-4558-99B4-DF416BAD5EEA}"
EndProject
Project("{FAE04EC0-301F-11D3-BF4B-00C04F79EFBC}") = "Search.UnitTests", "src\services\search\Search.UnitTests\Search.UnitTests.csproj", "{499CA8C9-B2A5-4BDD-B76D-686793CA57ED}"
EndProject
Project("{2150E333-8FDC-42A3-9474-1A3956D46DE8}") = "gateways", "gateways", "{74E765B6-194E-4DED-B07F-B821A4AA07CA}"
EndProject
Project("{2150E333-8FDC-42A3-9474-1A3956D46DE8}") = "shopping", "shopping", "{B4318986-5FC7-4E0D-A9BC-D4DD5F087F8C}"
EndProject
Project("{2150E333-8FDC-42A3-9474-1A3956D46DE8}") = "frontends", "frontends", "{B102E439-E44A-442E-AAB5-BC7571B7C6A8}"
EndProject
Project("{2150E333-8FDC-42A3-9474-1A3956D46DE8}") = "shopping", "shopping", "{991B3899-4ED5-4268-916C-CC3391E8A554}"
EndProject
Project("{FAE04EC0-301F-11D3-BF4B-00C04F79EFBC}") = "Shopping", "src\frontends\shopping\Shopping\Shopping.csproj", "{8EEB3620-F8D0-482C-87F1-0EE4D3D6D8C0}"
EndProject
Project("{FAE04EC0-301F-11D3-BF4B-00C04F79EFBC}") = "Shopping.FunctionalTests", "src\frontends\shopping\Shopping.FunctionalTests\Shopping.FunctionalTests.csproj", "{03F0493C-37B4-491C-8D51-CD2FD8D36B41}"
EndProject
Project("{FAE04EC0-301F-11D3-BF4B-00C04F79EFBC}") = "Shopping.UnitTests", "src\frontends\shopping\Shopping.UnitTests\Shopping.UnitTests.csproj", "{D1C0E6C7-D3CB-4CD4-855A-FB969CFE7258}"
EndProject
Project("{2150E333-8FDC-42A3-9474-1A3956D46DE8}") = "registration", "registration", "{4FDC044F-23DB-46E7-8A44-C383DFD2B59F}"
EndProject
Project("{FAE04EC0-301F-11D3-BF4B-00C04F79EFBC}") = "Registration", "src\frontends\registration\Registration\Registration.csproj", "{1C29DFF4-46DF-4991-A2E1-D8A28F4FC350}"
EndProject
Project("{FAE04EC0-301F-11D3-BF4B-00C04F79EFBC}") = "Registration.FunctionalTests", "src\frontends\registration\Registration.FunctionalTests\Registration.FunctionalTests.csproj", "{0C302E8F-9065-48B5-BE98-F6797F25FD62}"
EndProject
Project("{FAE04EC0-301F-11D3-BF4B-00C04F79EFBC}") = "Registration.UnitTests", "src\frontends\registration\Registration.UnitTests\Registration.UnitTests.csproj", "{AE9E18A8-A6E8-4997-B22F-2ECA9473EADE}"
EndProject
Project("{2150E333-8FDC-42A3-9474-1A3956D46DE8}") = "marketing", "marketing", "{BAAE22BA-9482-4D9E-8834-6328D078E098}"
EndProject
Project("{2150E333-8FDC-42A3-9474-1A3956D46DE8}") = "management", "management", "{25A81FA6-3987-4754-B480-E45E5E137D0F}"
EndProject
Project("{2150E333-8FDC-42A3-9474-1A3956D46DE8}") = "admin", "admin", "{67746C60-6E8A-487D-A5BF-D57C9C0FF08D}"
EndProject
Project("{FAE04EC0-301F-11D3-BF4B-00C04F79EFBC}") = "Admin", "src\frontends\admin\Admin\Admin.csproj", "{6087DB21-FFBE-4437-8353-7F8913EF923D}"
EndProject
Project("{FAE04EC0-301F-11D3-BF4B-00C04F79EFBC}") = "Admin.FunctionalTests", "src\frontends\admin\Admin.FunctionalTests\Admin.FunctionalTests.csproj", "{1C0E1994-8CC0-4170-AA8E-01A47203F55C}"
EndProject
Project("{FAE04EC0-301F-11D3-BF4B-00C04F79EFBC}") = "Admin.UnitTests", "src\frontends\admin\Admin.UnitTests\Admin.UnitTests.csproj", "{AB937C94-77FE-4BAA-8C64-577058B5722D}"
EndProject
Project("{FAE04EC0-301F-11D3-BF4B-00C04F79EFBC}") = "Management", "src\frontends\management\Management\Management.csproj", "{94E2F420-41CE-466A-9F5D-4EE85EAECFC9}"
EndProject
Project("{2150E333-8FDC-42A3-9474-1A3956D46DE8}") = "ingress", "ingress", "{FD5D8B43-52EF-4842-9C5F-1344B40E6272}"
EndProject
Project("{2150E333-8FDC-42A3-9474-1A3956D46DE8}") = "tools", "tools", "{A3C643D9-9F12-4470-9535-960AF59B2D7E}"
EndProject
Project("{FAE04EC0-301F-11D3-BF4B-00C04F79EFBC}") = "GenerateDockerFiles", "tools\GenerateDockerFiles\GenerateDockerFiles.csproj", "{6285054F-5E7E-4D0D-B182-E49978409215}"
EndProject
Project("{2150E333-8FDC-42A3-9474-1A3956D46DE8}") = "tests", "tests", "{0990724A-D3B5-4465-BEF3-FE03255DAC45}"
EndProject
Project("{FAE04EC0-301F-11D3-BF4B-00C04F79EFBC}") = "SystemTests", "tests\SystemTests\SystemTests.csproj", "{201BF2A5-5FA6-4B04-8A0A-A73BDC015CA3}"
EndProject
Global
	GlobalSection(SolutionConfigurationPlatforms) = preSolution
		Debug|Any CPU = Debug|Any CPU
		Release|Any CPU = Release|Any CPU
	EndGlobalSection
	GlobalSection(ProjectConfigurationPlatforms) = postSolution
		{4A6C3B3C-3784-49A1-A090-D583E3E44EF1}.Debug|Any CPU.ActiveCfg = Debug|Any CPU
		{4A6C3B3C-3784-49A1-A090-D583E3E44EF1}.Debug|Any CPU.Build.0 = Debug|Any CPU
		{4A6C3B3C-3784-49A1-A090-D583E3E44EF1}.Release|Any CPU.ActiveCfg = Release|Any CPU
		{4A6C3B3C-3784-49A1-A090-D583E3E44EF1}.Release|Any CPU.Build.0 = Release|Any CPU
		{C8EE11F3-79F6-453D-A559-E65294DF2CE1}.Debug|Any CPU.ActiveCfg = Debug|Any CPU
		{C8EE11F3-79F6-453D-A559-E65294DF2CE1}.Debug|Any CPU.Build.0 = Debug|Any CPU
		{C8EE11F3-79F6-453D-A559-E65294DF2CE1}.Release|Any CPU.ActiveCfg = Release|Any CPU
		{C8EE11F3-79F6-453D-A559-E65294DF2CE1}.Release|Any CPU.Build.0 = Release|Any CPU
		{36F279CC-C57A-4418-A48E-32613F859C00}.Debug|Any CPU.ActiveCfg = Debug|Any CPU
		{36F279CC-C57A-4418-A48E-32613F859C00}.Debug|Any CPU.Build.0 = Debug|Any CPU
		{36F279CC-C57A-4418-A48E-32613F859C00}.Release|Any CPU.ActiveCfg = Release|Any CPU
		{36F279CC-C57A-4418-A48E-32613F859C00}.Release|Any CPU.Build.0 = Release|Any CPU
		{5E64DC03-8150-4D4C-AC41-4EC7D61A928F}.Debug|Any CPU.ActiveCfg = Debug|Any CPU
		{5E64DC03-8150-4D4C-AC41-4EC7D61A928F}.Debug|Any CPU.Build.0 = Debug|Any CPU
		{5E64DC03-8150-4D4C-AC41-4EC7D61A928F}.Release|Any CPU.ActiveCfg = Release|Any CPU
		{5E64DC03-8150-4D4C-AC41-4EC7D61A928F}.Release|Any CPU.Build.0 = Release|Any CPU
		{66FFB64C-B74E-4690-BD67-A2333CB50BBC}.Debug|Any CPU.ActiveCfg = Debug|Any CPU
		{66FFB64C-B74E-4690-BD67-A2333CB50BBC}.Debug|Any CPU.Build.0 = Debug|Any CPU
		{66FFB64C-B74E-4690-BD67-A2333CB50BBC}.Release|Any CPU.ActiveCfg = Release|Any CPU
		{66FFB64C-B74E-4690-BD67-A2333CB50BBC}.Release|Any CPU.Build.0 = Release|Any CPU
		{96E12682-68A9-427F-91DA-8E1728B51BF2}.Debug|Any CPU.ActiveCfg = Debug|Any CPU
		{96E12682-68A9-427F-91DA-8E1728B51BF2}.Debug|Any CPU.Build.0 = Debug|Any CPU
		{96E12682-68A9-427F-91DA-8E1728B51BF2}.Release|Any CPU.ActiveCfg = Release|Any CPU
		{96E12682-68A9-427F-91DA-8E1728B51BF2}.Release|Any CPU.Build.0 = Release|Any CPU
		{9004BF9E-5AB8-4AE6-8A5B-6397FD41065D}.Debug|Any CPU.ActiveCfg = Debug|Any CPU
		{9004BF9E-5AB8-4AE6-8A5B-6397FD41065D}.Debug|Any CPU.Build.0 = Debug|Any CPU
		{9004BF9E-5AB8-4AE6-8A5B-6397FD41065D}.Release|Any CPU.ActiveCfg = Release|Any CPU
		{9004BF9E-5AB8-4AE6-8A5B-6397FD41065D}.Release|Any CPU.Build.0 = Release|Any CPU
		{AF7A4B7B-FAA6-4698-9DB5-E4F42D6D537B}.Debug|Any CPU.ActiveCfg = Debug|Any CPU
		{AF7A4B7B-FAA6-4698-9DB5-E4F42D6D537B}.Debug|Any CPU.Build.0 = Debug|Any CPU
		{AF7A4B7B-FAA6-4698-9DB5-E4F42D6D537B}.Release|Any CPU.ActiveCfg = Release|Any CPU
		{AF7A4B7B-FAA6-4698-9DB5-E4F42D6D537B}.Release|Any CPU.Build.0 = Release|Any CPU
		{B0B56D5B-0755-4EF1-B6D0-1B9A3B709347}.Debug|Any CPU.ActiveCfg = Debug|Any CPU
		{B0B56D5B-0755-4EF1-B6D0-1B9A3B709347}.Debug|Any CPU.Build.0 = Debug|Any CPU
		{B0B56D5B-0755-4EF1-B6D0-1B9A3B709347}.Release|Any CPU.ActiveCfg = Release|Any CPU
		{B0B56D5B-0755-4EF1-B6D0-1B9A3B709347}.Release|Any CPU.Build.0 = Release|Any CPU
		{9F740259-089F-4068-BBA0-EBB07F857BF8}.Debug|Any CPU.ActiveCfg = Debug|Any CPU
		{9F740259-089F-4068-BBA0-EBB07F857BF8}.Debug|Any CPU.Build.0 = Debug|Any CPU
		{9F740259-089F-4068-BBA0-EBB07F857BF8}.Release|Any CPU.ActiveCfg = Release|Any CPU
		{9F740259-089F-4068-BBA0-EBB07F857BF8}.Release|Any CPU.Build.0 = Release|Any CPU
		{A63E651B-93C2-490F-B89C-B24CBFA9F5E5}.Debug|Any CPU.ActiveCfg = Debug|Any CPU
		{A63E651B-93C2-490F-B89C-B24CBFA9F5E5}.Debug|Any CPU.Build.0 = Debug|Any CPU
		{A63E651B-93C2-490F-B89C-B24CBFA9F5E5}.Release|Any CPU.ActiveCfg = Release|Any CPU
		{A63E651B-93C2-490F-B89C-B24CBFA9F5E5}.Release|Any CPU.Build.0 = Release|Any CPU
		{5B023C73-9FC8-41C9-A1F8-641ACC5BCE3C}.Debug|Any CPU.ActiveCfg = Debug|Any CPU
		{5B023C73-9FC8-41C9-A1F8-641ACC5BCE3C}.Debug|Any CPU.Build.0 = Debug|Any CPU
		{5B023C73-9FC8-41C9-A1F8-641ACC5BCE3C}.Release|Any CPU.ActiveCfg = Release|Any CPU
		{5B023C73-9FC8-41C9-A1F8-641ACC5BCE3C}.Release|Any CPU.Build.0 = Release|Any CPU
		{2628ABDF-9106-4525-913A-6BAC0646BEFD}.Debug|Any CPU.ActiveCfg = Debug|Any CPU
		{2628ABDF-9106-4525-913A-6BAC0646BEFD}.Debug|Any CPU.Build.0 = Debug|Any CPU
		{2628ABDF-9106-4525-913A-6BAC0646BEFD}.Release|Any CPU.ActiveCfg = Release|Any CPU
		{2628ABDF-9106-4525-913A-6BAC0646BEFD}.Release|Any CPU.Build.0 = Release|Any CPU
		{74AA58ED-1651-48B8-B38C-5A4C4AC44DB9}.Debug|Any CPU.ActiveCfg = Debug|Any CPU
		{74AA58ED-1651-48B8-B38C-5A4C4AC44DB9}.Debug|Any CPU.Build.0 = Debug|Any CPU
		{74AA58ED-1651-48B8-B38C-5A4C4AC44DB9}.Release|Any CPU.ActiveCfg = Release|Any CPU
		{74AA58ED-1651-48B8-B38C-5A4C4AC44DB9}.Release|Any CPU.Build.0 = Release|Any CPU
		{0ED5D690-9D00-4554-BA31-ED3B85105926}.Debug|Any CPU.ActiveCfg = Debug|Any CPU
		{0ED5D690-9D00-4554-BA31-ED3B85105926}.Debug|Any CPU.Build.0 = Debug|Any CPU
		{0ED5D690-9D00-4554-BA31-ED3B85105926}.Release|Any CPU.ActiveCfg = Release|Any CPU
		{0ED5D690-9D00-4554-BA31-ED3B85105926}.Release|Any CPU.Build.0 = Release|Any CPU
		{ED13C2FB-BB01-4D85-ADA8-40178EA98DDD}.Debug|Any CPU.ActiveCfg = Debug|Any CPU
		{ED13C2FB-BB01-4D85-ADA8-40178EA98DDD}.Debug|Any CPU.Build.0 = Debug|Any CPU
		{ED13C2FB-BB01-4D85-ADA8-40178EA98DDD}.Release|Any CPU.ActiveCfg = Release|Any CPU
		{ED13C2FB-BB01-4D85-ADA8-40178EA98DDD}.Release|Any CPU.Build.0 = Release|Any CPU
		{8C02E3D3-C503-45EE-B4E6-E0DAB7599CD6}.Debug|Any CPU.ActiveCfg = Debug|Any CPU
		{8C02E3D3-C503-45EE-B4E6-E0DAB7599CD6}.Debug|Any CPU.Build.0 = Debug|Any CPU
		{8C02E3D3-C503-45EE-B4E6-E0DAB7599CD6}.Release|Any CPU.ActiveCfg = Release|Any CPU
		{8C02E3D3-C503-45EE-B4E6-E0DAB7599CD6}.Release|Any CPU.Build.0 = Release|Any CPU
		{529F4EBA-A521-4531-80AD-5F321E67F672}.Debug|Any CPU.ActiveCfg = Debug|Any CPU
		{529F4EBA-A521-4531-80AD-5F321E67F672}.Debug|Any CPU.Build.0 = Debug|Any CPU
		{529F4EBA-A521-4531-80AD-5F321E67F672}.Release|Any CPU.ActiveCfg = Release|Any CPU
		{529F4EBA-A521-4531-80AD-5F321E67F672}.Release|Any CPU.Build.0 = Release|Any CPU
		{6A88ACE4-C5CB-45A1-9B11-EEBC9298F1A0}.Debug|Any CPU.ActiveCfg = Debug|Any CPU
		{6A88ACE4-C5CB-45A1-9B11-EEBC9298F1A0}.Debug|Any CPU.Build.0 = Debug|Any CPU
		{6A88ACE4-C5CB-45A1-9B11-EEBC9298F1A0}.Release|Any CPU.ActiveCfg = Release|Any CPU
		{6A88ACE4-C5CB-45A1-9B11-EEBC9298F1A0}.Release|Any CPU.Build.0 = Release|Any CPU
		{4BA9905C-D1AD-4C4D-AB43-E1521EDEFF80}.Debug|Any CPU.ActiveCfg = Debug|Any CPU
		{4BA9905C-D1AD-4C4D-AB43-E1521EDEFF80}.Debug|Any CPU.Build.0 = Debug|Any CPU
		{4BA9905C-D1AD-4C4D-AB43-E1521EDEFF80}.Release|Any CPU.ActiveCfg = Release|Any CPU
		{4BA9905C-D1AD-4C4D-AB43-E1521EDEFF80}.Release|Any CPU.Build.0 = Release|Any CPU
		{BF8A4CCD-8356-4990-94F1-B5D8EC36778F}.Debug|Any CPU.ActiveCfg = Debug|Any CPU
		{BF8A4CCD-8356-4990-94F1-B5D8EC36778F}.Debug|Any CPU.Build.0 = Debug|Any CPU
		{BF8A4CCD-8356-4990-94F1-B5D8EC36778F}.Release|Any CPU.ActiveCfg = Release|Any CPU
		{BF8A4CCD-8356-4990-94F1-B5D8EC36778F}.Release|Any CPU.Build.0 = Release|Any CPU
		{8BBA6C14-0716-479B-BECB-78A3CFC2C6E3}.Debug|Any CPU.ActiveCfg = Debug|Any CPU
		{8BBA6C14-0716-479B-BECB-78A3CFC2C6E3}.Debug|Any CPU.Build.0 = Debug|Any CPU
		{8BBA6C14-0716-479B-BECB-78A3CFC2C6E3}.Release|Any CPU.ActiveCfg = Release|Any CPU
		{8BBA6C14-0716-479B-BECB-78A3CFC2C6E3}.Release|Any CPU.Build.0 = Release|Any CPU
		{B653F6DA-C183-4562-8B3E-43458C6E3BBB}.Debug|Any CPU.ActiveCfg = Debug|Any CPU
		{B653F6DA-C183-4562-8B3E-43458C6E3BBB}.Debug|Any CPU.Build.0 = Debug|Any CPU
		{B653F6DA-C183-4562-8B3E-43458C6E3BBB}.Release|Any CPU.ActiveCfg = Release|Any CPU
		{B653F6DA-C183-4562-8B3E-43458C6E3BBB}.Release|Any CPU.Build.0 = Release|Any CPU
		{5D08472C-66AD-4800-A5C8-2899F4B75248}.Debug|Any CPU.ActiveCfg = Debug|Any CPU
		{5D08472C-66AD-4800-A5C8-2899F4B75248}.Debug|Any CPU.Build.0 = Debug|Any CPU
		{5D08472C-66AD-4800-A5C8-2899F4B75248}.Release|Any CPU.ActiveCfg = Release|Any CPU
		{5D08472C-66AD-4800-A5C8-2899F4B75248}.Release|Any CPU.Build.0 = Release|Any CPU
		{D8B89C9A-E57F-49B1-A991-B9F7166C228A}.Debug|Any CPU.ActiveCfg = Debug|Any CPU
		{D8B89C9A-E57F-49B1-A991-B9F7166C228A}.Debug|Any CPU.Build.0 = Debug|Any CPU
		{D8B89C9A-E57F-49B1-A991-B9F7166C228A}.Release|Any CPU.ActiveCfg = Release|Any CPU
		{D8B89C9A-E57F-49B1-A991-B9F7166C228A}.Release|Any CPU.Build.0 = Release|Any CPU
		{A9347C4E-08C0-4558-99B4-DF416BAD5EEA}.Debug|Any CPU.ActiveCfg = Debug|Any CPU
		{A9347C4E-08C0-4558-99B4-DF416BAD5EEA}.Debug|Any CPU.Build.0 = Debug|Any CPU
		{A9347C4E-08C0-4558-99B4-DF416BAD5EEA}.Release|Any CPU.ActiveCfg = Release|Any CPU
		{A9347C4E-08C0-4558-99B4-DF416BAD5EEA}.Release|Any CPU.Build.0 = Release|Any CPU
		{499CA8C9-B2A5-4BDD-B76D-686793CA57ED}.Debug|Any CPU.ActiveCfg = Debug|Any CPU
		{499CA8C9-B2A5-4BDD-B76D-686793CA57ED}.Debug|Any CPU.Build.0 = Debug|Any CPU
		{499CA8C9-B2A5-4BDD-B76D-686793CA57ED}.Release|Any CPU.ActiveCfg = Release|Any CPU
		{499CA8C9-B2A5-4BDD-B76D-686793CA57ED}.Release|Any CPU.Build.0 = Release|Any CPU
		{8EEB3620-F8D0-482C-87F1-0EE4D3D6D8C0}.Debug|Any CPU.ActiveCfg = Debug|Any CPU
		{8EEB3620-F8D0-482C-87F1-0EE4D3D6D8C0}.Debug|Any CPU.Build.0 = Debug|Any CPU
		{8EEB3620-F8D0-482C-87F1-0EE4D3D6D8C0}.Release|Any CPU.ActiveCfg = Release|Any CPU
		{8EEB3620-F8D0-482C-87F1-0EE4D3D6D8C0}.Release|Any CPU.Build.0 = Release|Any CPU
		{03F0493C-37B4-491C-8D51-CD2FD8D36B41}.Debug|Any CPU.ActiveCfg = Debug|Any CPU
		{03F0493C-37B4-491C-8D51-CD2FD8D36B41}.Debug|Any CPU.Build.0 = Debug|Any CPU
		{03F0493C-37B4-491C-8D51-CD2FD8D36B41}.Release|Any CPU.ActiveCfg = Release|Any CPU
		{03F0493C-37B4-491C-8D51-CD2FD8D36B41}.Release|Any CPU.Build.0 = Release|Any CPU
		{D1C0E6C7-D3CB-4CD4-855A-FB969CFE7258}.Debug|Any CPU.ActiveCfg = Debug|Any CPU
		{D1C0E6C7-D3CB-4CD4-855A-FB969CFE7258}.Debug|Any CPU.Build.0 = Debug|Any CPU
		{D1C0E6C7-D3CB-4CD4-855A-FB969CFE7258}.Release|Any CPU.ActiveCfg = Release|Any CPU
		{D1C0E6C7-D3CB-4CD4-855A-FB969CFE7258}.Release|Any CPU.Build.0 = Release|Any CPU
		{1C29DFF4-46DF-4991-A2E1-D8A28F4FC350}.Debug|Any CPU.ActiveCfg = Debug|Any CPU
		{1C29DFF4-46DF-4991-A2E1-D8A28F4FC350}.Debug|Any CPU.Build.0 = Debug|Any CPU
		{1C29DFF4-46DF-4991-A2E1-D8A28F4FC350}.Release|Any CPU.ActiveCfg = Release|Any CPU
		{1C29DFF4-46DF-4991-A2E1-D8A28F4FC350}.Release|Any CPU.Build.0 = Release|Any CPU
		{0C302E8F-9065-48B5-BE98-F6797F25FD62}.Debug|Any CPU.ActiveCfg = Debug|Any CPU
		{0C302E8F-9065-48B5-BE98-F6797F25FD62}.Debug|Any CPU.Build.0 = Debug|Any CPU
		{0C302E8F-9065-48B5-BE98-F6797F25FD62}.Release|Any CPU.ActiveCfg = Release|Any CPU
		{0C302E8F-9065-48B5-BE98-F6797F25FD62}.Release|Any CPU.Build.0 = Release|Any CPU
		{AE9E18A8-A6E8-4997-B22F-2ECA9473EADE}.Debug|Any CPU.ActiveCfg = Debug|Any CPU
		{AE9E18A8-A6E8-4997-B22F-2ECA9473EADE}.Debug|Any CPU.Build.0 = Debug|Any CPU
		{AE9E18A8-A6E8-4997-B22F-2ECA9473EADE}.Release|Any CPU.ActiveCfg = Release|Any CPU
		{AE9E18A8-A6E8-4997-B22F-2ECA9473EADE}.Release|Any CPU.Build.0 = Release|Any CPU
		{6087DB21-FFBE-4437-8353-7F8913EF923D}.Debug|Any CPU.ActiveCfg = Debug|Any CPU
		{6087DB21-FFBE-4437-8353-7F8913EF923D}.Debug|Any CPU.Build.0 = Debug|Any CPU
		{6087DB21-FFBE-4437-8353-7F8913EF923D}.Release|Any CPU.ActiveCfg = Release|Any CPU
		{6087DB21-FFBE-4437-8353-7F8913EF923D}.Release|Any CPU.Build.0 = Release|Any CPU
		{1C0E1994-8CC0-4170-AA8E-01A47203F55C}.Debug|Any CPU.ActiveCfg = Debug|Any CPU
		{1C0E1994-8CC0-4170-AA8E-01A47203F55C}.Debug|Any CPU.Build.0 = Debug|Any CPU
		{1C0E1994-8CC0-4170-AA8E-01A47203F55C}.Release|Any CPU.ActiveCfg = Release|Any CPU
		{1C0E1994-8CC0-4170-AA8E-01A47203F55C}.Release|Any CPU.Build.0 = Release|Any CPU
		{AB937C94-77FE-4BAA-8C64-577058B5722D}.Debug|Any CPU.ActiveCfg = Debug|Any CPU
		{AB937C94-77FE-4BAA-8C64-577058B5722D}.Debug|Any CPU.Build.0 = Debug|Any CPU
		{AB937C94-77FE-4BAA-8C64-577058B5722D}.Release|Any CPU.ActiveCfg = Release|Any CPU
		{AB937C94-77FE-4BAA-8C64-577058B5722D}.Release|Any CPU.Build.0 = Release|Any CPU
		{94E2F420-41CE-466A-9F5D-4EE85EAECFC9}.Debug|Any CPU.ActiveCfg = Debug|Any CPU
		{94E2F420-41CE-466A-9F5D-4EE85EAECFC9}.Debug|Any CPU.Build.0 = Debug|Any CPU
		{94E2F420-41CE-466A-9F5D-4EE85EAECFC9}.Release|Any CPU.ActiveCfg = Release|Any CPU
		{94E2F420-41CE-466A-9F5D-4EE85EAECFC9}.Release|Any CPU.Build.0 = Release|Any CPU
		{6285054F-5E7E-4D0D-B182-E49978409215}.Debug|Any CPU.ActiveCfg = Debug|Any CPU
		{6285054F-5E7E-4D0D-B182-E49978409215}.Debug|Any CPU.Build.0 = Debug|Any CPU
		{6285054F-5E7E-4D0D-B182-E49978409215}.Release|Any CPU.ActiveCfg = Release|Any CPU
		{6285054F-5E7E-4D0D-B182-E49978409215}.Release|Any CPU.Build.0 = Release|Any CPU
		{201BF2A5-5FA6-4B04-8A0A-A73BDC015CA3}.Debug|Any CPU.ActiveCfg = Debug|Any CPU
		{201BF2A5-5FA6-4B04-8A0A-A73BDC015CA3}.Debug|Any CPU.Build.0 = Debug|Any CPU
		{201BF2A5-5FA6-4B04-8A0A-A73BDC015CA3}.Release|Any CPU.ActiveCfg = Release|Any CPU
		{201BF2A5-5FA6-4B04-8A0A-A73BDC015CA3}.Release|Any CPU.Build.0 = Release|Any CPU
	EndGlobalSection
	GlobalSection(SolutionProperties) = preSolution
		HideSolutionNode = FALSE
	EndGlobalSection
	GlobalSection(ExtensibilityGlobals) = postSolution
		SolutionGuid = {F410ECFC-C453-4419-92CA-266E36EF4806}
	EndGlobalSection
	GlobalSection(NestedProjects) = preSolution
		{4A6C3B3C-3784-49A1-A090-D583E3E44EF1} = {74F3E2DF-2022-47D8-BA40-41453EE87C47}
		{C8EE11F3-79F6-453D-A559-E65294DF2CE1} = {74F3E2DF-2022-47D8-BA40-41453EE87C47}
		{40F58FA2-43ED-4CEC-9D12-48CD1A3450D3} = {C9F6240B-BA44-4ED8-9A45-604ACC9CA68F}
		{321520D2-3BCC-4DA4-B597-A82289E17189} = {40F58FA2-43ED-4CEC-9D12-48CD1A3450D3}
		{36F279CC-C57A-4418-A48E-32613F859C00} = {321520D2-3BCC-4DA4-B597-A82289E17189}
		{4C27A25E-A173-4DD7-8796-7627BEE78B52} = {C9F6240B-BA44-4ED8-9A45-604ACC9CA68F}
		{840180E6-A342-4CCE-B220-510D7C8E2CC7} = {4C27A25E-A173-4DD7-8796-7627BEE78B52}
		{0242C3F7-ACCD-40A6-A684-410517F68411} = {4C27A25E-A173-4DD7-8796-7627BEE78B52}
		{1A57CCA3-CCC8-4A76-8703-EFA0276938A8} = {4C27A25E-A173-4DD7-8796-7627BEE78B52}
		{5E64DC03-8150-4D4C-AC41-4EC7D61A928F} = {840180E6-A342-4CCE-B220-510D7C8E2CC7}
		{FC78D263-6346-48F3-951C-1639DD82C0D4} = {C9F6240B-BA44-4ED8-9A45-604ACC9CA68F}
		{8AD66AE9-19A1-45CC-91DE-5FDBF4A16C32} = {FC78D263-6346-48F3-951C-1639DD82C0D4}
		{66FFB64C-B74E-4690-BD67-A2333CB50BBC} = {8AD66AE9-19A1-45CC-91DE-5FDBF4A16C32}
		{96E12682-68A9-427F-91DA-8E1728B51BF2} = {8AD66AE9-19A1-45CC-91DE-5FDBF4A16C32}
		{9004BF9E-5AB8-4AE6-8A5B-6397FD41065D} = {8AD66AE9-19A1-45CC-91DE-5FDBF4A16C32}
		{AF7A4B7B-FAA6-4698-9DB5-E4F42D6D537B} = {8AD66AE9-19A1-45CC-91DE-5FDBF4A16C32}
		{B0B56D5B-0755-4EF1-B6D0-1B9A3B709347} = {1A57CCA3-CCC8-4A76-8703-EFA0276938A8}
		{9F740259-089F-4068-BBA0-EBB07F857BF8} = {0242C3F7-ACCD-40A6-A684-410517F68411}
		{03408578-CBFC-4EAC-8432-C5EEE5F52B15} = {FC78D263-6346-48F3-951C-1639DD82C0D4}
		{A63E651B-93C2-490F-B89C-B24CBFA9F5E5} = {03408578-CBFC-4EAC-8432-C5EEE5F52B15}
		{5B023C73-9FC8-41C9-A1F8-641ACC5BCE3C} = {03408578-CBFC-4EAC-8432-C5EEE5F52B15}
		{2628ABDF-9106-4525-913A-6BAC0646BEFD} = {03408578-CBFC-4EAC-8432-C5EEE5F52B15}
		{74AA58ED-1651-48B8-B38C-5A4C4AC44DB9} = {03408578-CBFC-4EAC-8432-C5EEE5F52B15}
		{7183121B-85B8-48DB-96AA-17A5952446CE} = {FC78D263-6346-48F3-951C-1639DD82C0D4}
		{F006E449-D9E1-4DC5-9E3F-E5FCDD348782} = {FC78D263-6346-48F3-951C-1639DD82C0D4}
		{0ED5D690-9D00-4554-BA31-ED3B85105926} = {7183121B-85B8-48DB-96AA-17A5952446CE}
		{ED13C2FB-BB01-4D85-ADA8-40178EA98DDD} = {7183121B-85B8-48DB-96AA-17A5952446CE}
		{8C02E3D3-C503-45EE-B4E6-E0DAB7599CD6} = {7183121B-85B8-48DB-96AA-17A5952446CE}
		{529F4EBA-A521-4531-80AD-5F321E67F672} = {7183121B-85B8-48DB-96AA-17A5952446CE}
		{6A88ACE4-C5CB-45A1-9B11-EEBC9298F1A0} = {F006E449-D9E1-4DC5-9E3F-E5FCDD348782}
		{9E86FD7C-E8E8-4D86-9883-4D675B64E398} = {FC78D263-6346-48F3-951C-1639DD82C0D4}
		{BDAF82C7-2008-4BFC-B827-ADFCEB8BD8A0} = {FC78D263-6346-48F3-951C-1639DD82C0D4}
		{4BA9905C-D1AD-4C4D-AB43-E1521EDEFF80} = {BDAF82C7-2008-4BFC-B827-ADFCEB8BD8A0}
		{BF8A4CCD-8356-4990-94F1-B5D8EC36778F} = {BDAF82C7-2008-4BFC-B827-ADFCEB8BD8A0}
		{8BBA6C14-0716-479B-BECB-78A3CFC2C6E3} = {BDAF82C7-2008-4BFC-B827-ADFCEB8BD8A0}
		{B653F6DA-C183-4562-8B3E-43458C6E3BBB} = {BDAF82C7-2008-4BFC-B827-ADFCEB8BD8A0}
		{5D08472C-66AD-4800-A5C8-2899F4B75248} = {9E86FD7C-E8E8-4D86-9883-4D675B64E398}
		{D8B89C9A-E57F-49B1-A991-B9F7166C228A} = {9E86FD7C-E8E8-4D86-9883-4D675B64E398}
		{A9347C4E-08C0-4558-99B4-DF416BAD5EEA} = {9E86FD7C-E8E8-4D86-9883-4D675B64E398}
		{499CA8C9-B2A5-4BDD-B76D-686793CA57ED} = {9E86FD7C-E8E8-4D86-9883-4D675B64E398}
		{74E765B6-194E-4DED-B07F-B821A4AA07CA} = {C9F6240B-BA44-4ED8-9A45-604ACC9CA68F}
		{B4318986-5FC7-4E0D-A9BC-D4DD5F087F8C} = {74E765B6-194E-4DED-B07F-B821A4AA07CA}
		{B102E439-E44A-442E-AAB5-BC7571B7C6A8} = {C9F6240B-BA44-4ED8-9A45-604ACC9CA68F}
		{991B3899-4ED5-4268-916C-CC3391E8A554} = {B102E439-E44A-442E-AAB5-BC7571B7C6A8}
		{8EEB3620-F8D0-482C-87F1-0EE4D3D6D8C0} = {991B3899-4ED5-4268-916C-CC3391E8A554}
		{03F0493C-37B4-491C-8D51-CD2FD8D36B41} = {991B3899-4ED5-4268-916C-CC3391E8A554}
		{D1C0E6C7-D3CB-4CD4-855A-FB969CFE7258} = {991B3899-4ED5-4268-916C-CC3391E8A554}
		{4FDC044F-23DB-46E7-8A44-C383DFD2B59F} = {B102E439-E44A-442E-AAB5-BC7571B7C6A8}
		{1C29DFF4-46DF-4991-A2E1-D8A28F4FC350} = {4FDC044F-23DB-46E7-8A44-C383DFD2B59F}
		{0C302E8F-9065-48B5-BE98-F6797F25FD62} = {4FDC044F-23DB-46E7-8A44-C383DFD2B59F}
		{AE9E18A8-A6E8-4997-B22F-2ECA9473EADE} = {4FDC044F-23DB-46E7-8A44-C383DFD2B59F}
		{BAAE22BA-9482-4D9E-8834-6328D078E098} = {B102E439-E44A-442E-AAB5-BC7571B7C6A8}
		{25A81FA6-3987-4754-B480-E45E5E137D0F} = {B102E439-E44A-442E-AAB5-BC7571B7C6A8}
		{67746C60-6E8A-487D-A5BF-D57C9C0FF08D} = {B102E439-E44A-442E-AAB5-BC7571B7C6A8}
		{6087DB21-FFBE-4437-8353-7F8913EF923D} = {67746C60-6E8A-487D-A5BF-D57C9C0FF08D}
		{1C0E1994-8CC0-4170-AA8E-01A47203F55C} = {67746C60-6E8A-487D-A5BF-D57C9C0FF08D}
		{AB937C94-77FE-4BAA-8C64-577058B5722D} = {67746C60-6E8A-487D-A5BF-D57C9C0FF08D}
		{94E2F420-41CE-466A-9F5D-4EE85EAECFC9} = {25A81FA6-3987-4754-B480-E45E5E137D0F}
		{FD5D8B43-52EF-4842-9C5F-1344B40E6272} = {C9F6240B-BA44-4ED8-9A45-604ACC9CA68F}
		{6285054F-5E7E-4D0D-B182-E49978409215} = {A3C643D9-9F12-4470-9535-960AF59B2D7E}
		{201BF2A5-5FA6-4B04-8A0A-A73BDC015CA3} = {0990724A-D3B5-4465-BEF3-FE03255DAC45}
	EndGlobalSection
EndGlobal
